# THIS IS AN AUTOGENERATED FILE. DO NOT EDIT THIS FILE DIRECTLY.
# yarn lockfile v1


"@splidejs/splide@^2.4.14":
  version "2.4.14"
  resolved "https://registry.yarnpkg.com/@splidejs/splide/-/splide-2.4.14.tgz#5b94cbe28a5428850c20865e946ea85c6183b48e"
  integrity sha512-TSw8lH0iuWYbcRbOx2J9CMXmKIjbQMBTMkIufUdDqV2q4/7cgcOwy0EkCfKst72SN1jnsj/LurGoOPFocUTq4Q==
